
Microsoft Visual Studio Solution File, Format Version 11.00
# Visual Studio 2010
Project("{FAE04EC0-301F-11D3-BF4B-00C04F79EFBC}") = "Assembly-CSharp", "Assembly-CSharp.csproj", "{637F8BE1-1ED2-834A-005D-9961FA5B3052}"
EndProject
Project("{FAE04EC0-301F-11D3-BF4B-00C04F79EFBC}") = "Assembly-CSharp-firstpass", "Assembly-CSharp-firstpass.csproj", "{AD87FC5A-5C6A-3E74-F0E6-B56F285DCF7B}"
EndProject
Project("{FAE04EC0-301F-11D3-BF4B-00C04F79EFBC}") = "Assembly-CSharp-Editor", "Assembly-CSharp-Editor.csproj", "{BF34D153-DC0B-9DEE-B4E6-04C20468D0FA}"
EndProject
Project("{FAE04EC0-301F-11D3-BF4B-00C04F79EFBC}") = "Assembly-CSharp-Editor-firstpass", "Assembly-CSharp-Editor-firstpass.csproj", "{1020C6CE-4342-80EB-93E6-4982FD30B789}"
EndProject
Global
	GlobalSection(SolutionConfigurationPlatforms) = preSolution
		Debug|Any CPU = Debug|Any CPU
		Release|Any CPU = Release|Any CPU
	EndGlobalSection
	GlobalSection(ProjectConfigurationPlatforms) = postSolution
		{637F8BE1-1ED2-834A-005D-9961FA5B3052}.Debug|Any CPU.ActiveCfg = Debug|Any CPU
		{637F8BE1-1ED2-834A-005D-9961FA5B3052}.Debug|Any CPU.Build.0 = Debug|Any CPU
		{637F8BE1-1ED2-834A-005D-9961FA5B3052}.Release|Any CPU.ActiveCfg = Release|Any CPU
		{637F8BE1-1ED2-834A-005D-9961FA5B3052}.Release|Any CPU.Build.0 = Release|Any CPU
		{AD87FC5A-5C6A-3E74-F0E6-B56F285DCF7B}.Debug|Any CPU.ActiveCfg = Debug|Any CPU
		{AD87FC5A-5C6A-3E74-F0E6-B56F285DCF7B}.Debug|Any CPU.Build.0 = Debug|Any CPU
		{AD87FC5A-5C6A-3E74-F0E6-B56F285DCF7B}.Release|Any CPU.ActiveCfg = Release|Any CPU
		{AD87FC5A-5C6A-3E74-F0E6-B56F285DCF7B}.Release|Any CPU.Build.0 = Release|Any CPU
		{BF34D153-DC0B-9DEE-B4E6-04C20468D0FA}.Debug|Any CPU.ActiveCfg = Debug|Any CPU
		{BF34D153-DC0B-9DEE-B4E6-04C20468D0FA}.Debug|Any CPU.Build.0 = Debug|Any CPU
		{BF34D153-DC0B-9DEE-B4E6-04C20468D0FA}.Release|Any CPU.ActiveCfg = Release|Any CPU
		{BF34D153-DC0B-9DEE-B4E6-04C20468D0FA}.Release|Any CPU.Build.0 = Release|Any CPU
		{1020C6CE-4342-80EB-93E6-4982FD30B789}.Debug|Any CPU.ActiveCfg = Debug|Any CPU
		{1020C6CE-4342-80EB-93E6-4982FD30B789}.Debug|Any CPU.Build.0 = Debug|Any CPU
		{1020C6CE-4342-80EB-93E6-4982FD30B789}.Release|Any CPU.ActiveCfg = Release|Any CPU
		{1020C6CE-4342-80EB-93E6-4982FD30B789}.Release|Any CPU.Build.0 = Release|Any CPU
	EndGlobalSection
	GlobalSection(SolutionProperties) = preSolution
		HideSolutionNode = FALSE
	EndGlobalSection
EndGlobal
